// !$*UTF8*$!
{
	archiveVersion = 1;
	classes = {
	};
	objectVersion = 46;
	objects = {

/* Begin PBXBuildFile section */
		9C7F67021DC2E5C7003BAB9F /* main.m in Sources */ = {isa = PBXBuildFile; fileRef = 9C7F67011DC2E5C7003BAB9F /* main.m */; };
		9C7F67051DC2E5C7003BAB9F /* AppDelegate.m in Sources */ = {isa = PBXBuildFile; fileRef = 9C7F67041DC2E5C7003BAB9F /* AppDelegate.m */; };
		9C7F67081DC2E5C7003BAB9F /* ViewController.m in Sources */ = {isa = PBXBuildFile; fileRef = 9C7F67071DC2E5C7003BAB9F /* ViewController.m */; };
		9C7F670B1DC2E5C7003BAB9F /* Main.storyboard in Resources */ = {isa = PBXBuildFile; fileRef = 9C7F67091DC2E5C7003BAB9F /* Main.storyboard */; };
		9C7F670D1DC2E5C7003BAB9F /* Assets.xcassets in Resources */ = {isa = PBXBuildFile; fileRef = 9C7F670C1DC2E5C7003BAB9F /* Assets.xcassets */; };
		9C7F67101DC2E5C7003BAB9F /* LaunchScreen.storyboard in Resources */ = {isa = PBXBuildFile; fileRef = 9C7F670E1DC2E5C7003BAB9F /* LaunchScreen.storyboard */; };
		9C7F671B1DC2E5C7003BAB9F /* LocalPushTests.m in Sources */ = {isa = PBXBuildFile; fileRef = 9C7F671A1DC2E5C7003BAB9F /* LocalPushTests.m */; };
		9C7F67261DC2E5C7003BAB9F /* LocalPushUITests.m in Sources */ = {isa = PBXBuildFile; fileRef = 9C7F67251DC2E5C7003BAB9F /* LocalPushUITests.m */; };
/* End PBXBuildFile section */

/* Begin PBXContainerItemProxy section */
		9C7F67171DC2E5C7003BAB9F /* PBXContainerItemProxy */ = {
			isa = PBXContainerItemProxy;
			containerPortal = 9C7F66F51DC2E5C7003BAB9F /* Project object */;
			proxyType = 1;
			remoteGlobalIDString = 9C7F66FC1DC2E5C7003BAB9F;
			remoteInfo = LocalPush;
		};
		9C7F67221DC2E5C7003BAB9F /* PBXContainerItemProxy */ = {
			isa = PBXContainerItemProxy;
			containerPortal = 9C7F66F51DC2E5C7003BAB9F /* Project object */;
			proxyType = 1;
			remoteGlobalIDString = 9C7F66FC1DC2E5C7003BAB9F;
			remoteInfo = LocalPush;
		};
/* End PBXContainerItemProxy section */

/* Begin PBXFileReference section */
		9C7F66FD1DC2E5C7003BAB9F /* LocalPush.app */ = {isa = PBXFileReference; explicitFileType = wrapper.application; includeInIndex = 0; path = LocalPush.app; sourceTree = BUILT_PRODUCTS_DIR; };
		9C7F67011DC2E5C7003BAB9F /* main.m */ = {isa = PBXFileReference; lastKnownFileType = sourcecode.c.objc; path = main.m; sourceTree = "<group>"; };
		9C7F67031DC2E5C7003BAB9F /* AppDelegate.h */ = {isa = PBXFileReference; lastKnownFileType = sourcecode.c.h; path = AppDelegate.h; sourceTree = "<group>"; };
		9C7F67041DC2E5C7003BAB9F /* AppDelegate.m */ = {isa = PBXFileReference; lastKnownFileType = sourcecode.c.objc; path = AppDelegate.m; sourceTree = "<group>"; };
		9C7F67061DC2E5C7003BAB9F /* ViewController.h */ = {isa = PBXFileReference; lastKnownFileType = sourcecode.c.h; path = ViewController.h; sourceTree = "<group>"; };
		9C7F67071DC2E5C7003BAB9F /* ViewController.m */ = {isa = PBXFileReference; lastKnownFileType = sourcecode.c.objc; path = ViewController.m; sourceTree = "<group>"; };
		9C7F670A1DC2E5C7003BAB9F /* Base */ = {isa = PBXFileReference; lastKnownFileType = file.storyboard; name = Base; path = Base.lproj/Main.storyboard; sourceTree = "<group>"; };
		9C7F670C1DC2E5C7003BAB9F /* Assets.xcassets */ = {isa = PBXFileReference; lastKnownFileType = folder.assetcatalog; path = Assets.xcassets; sourceTree = "<group>"; };
		9C7F670F1DC2E5C7003BAB9F /* Base */ = {isa = PBXFileReference; lastKnownFileType = file.storyboard; name = Base; path = Base.lproj/LaunchScreen.storyboard; sourceTree = "<group>"; };
		9C7F67111DC2E5C7003BAB9F /* Info.plist */ = {isa = PBXFileReference; lastKnownFileType = text.plist.xml; path = Info.plist; sourceTree = "<group>"; };
		9C7F67161DC2E5C7003BAB9F /* LocalPushTests.xctest */ = {isa = PBXFileReference; explicitFileType = wrapper.cfbundle; includeInIndex = 0; path = LocalPushTests.xctest; sourceTree = BUILT_PRODUCTS_DIR; };
		9C7F671A1DC2E5C7003BAB9F /* LocalPushTests.m */ = {isa = PBXFileReference; lastKnownFileType = sourcecode.c.objc; path = LocalPushTests.m; sourceTree = "<group>"; };
		9C7F671C1DC2E5C7003BAB9F /* Info.plist */ = {isa = PBXFileReference; lastKnownFileType = text.plist.xml; path = Info.plist; sourceTree = "<group>"; };
		9C7F67211DC2E5C7003BAB9F /* LocalPushUITests.xctest */ = {isa = PBXFileReference; explicitFileType = wrapper.cfbundle; includeInIndex = 0; path = LocalPushUITests.xctest; sourceTree = BUILT_PRODUCTS_DIR; };
		9C7F67251DC2E5C7003BAB9F /* LocalPushUITests.m */ = {isa = PBXFileReference; lastKnownFileType = sourcecode.c.objc; path = LocalPushUITests.m; sourceTree = "<group>"; };
		9C7F67271DC2E5C7003BAB9F /* Info.plist */ = {isa = PBXFileReference; lastKnownFileType = text.plist.xml; path = Info.plist; sourceTree = "<group>"; };
/* End PBXFileReference section */

/* Begin PBXFrameworksBuildPhase section */
		9C7F66FA1DC2E5C7003BAB9F /* Frameworks */ = {
			isa = PBXFrameworksBuildPhase;
			buildActionMask = 2147483647;
			files = (
			);
			runOnlyForDeploymentPostprocessing = 0;
		};
		9C7F67131DC2E5C7003BAB9F /* Frameworks */ = {
			isa = PBXFrameworksBuildPhase;
			buildActionMask = 2147483647;
			files = (
			);
			runOnlyForDeploymentPostprocessing = 0;
		};
		9C7F671E1DC2E5C7003BAB9F /* Frameworks */ = {
			isa = PBXFrameworksBuildPhase;
			buildActionMask = 2147483647;
			files = (
			);
			runOnlyForDeploymentPostprocessing = 0;
		};
/* End PBXFrameworksBuildPhase section */

/* Begin PBXGroup section */
		9C7F66F41DC2E5C7003BAB9F = {
			isa = PBXGroup;
			children = (
				9C7F66FF1DC2E5C7003BAB9F /* LocalPush */,
				9C7F67191DC2E5C7003BAB9F /* LocalPushTests */,
				9C7F67241DC2E5C7003BAB9F /* LocalPushUITests */,
				9C7F66FE1DC2E5C7003BAB9F /* Products */,
			);
			sourceTree = "<group>";
		};
		9C7F66FE1DC2E5C7003BAB9F /* Products */ = {
			isa = PBXGroup;
			children = (
				9C7F66FD1DC2E5C7003BAB9F /* LocalPush.app */,
				9C7F67161DC2E5C7003BAB9F /* LocalPushTests.xctest */,
				9C7F67211DC2E5C7003BAB9F /* LocalPushUITests.xctest */,
			);
			name = Products;
			sourceTree = "<group>";
		};
		9C7F66FF1DC2E5C7003BAB9F /* LocalPush */ = {
			isa = PBXGroup;
			children = (
				9C7F67031DC2E5C7003BAB9F /* AppDelegate.h */,
				9C7F67041DC2E5C7003BAB9F /* AppDelegate.m */,
				9C7F67061DC2E5C7003BAB9F /* ViewController.h */,
				9C7F67071DC2E5C7003BAB9F /* ViewController.m */,
				9C7F67091DC2E5C7003BAB9F /* Main.storyboard */,
				9C7F670C1DC2E5C7003BAB9F /* Assets.xcassets */,
				9C7F670E1DC2E5C7003BAB9F /* LaunchScreen.storyboard */,
				9C7F67111DC2E5C7003BAB9F /* Info.plist */,
				9C7F67001DC2E5C7003BAB9F /* Supporting Files */,
			);
			path = LocalPush;
			sourceTree = "<group>";
		};
		9C7F67001DC2E5C7003BAB9F /* Supporting Files */ = {
			isa = PBXGroup;
			children = (
				9C7F67011DC2E5C7003BAB9F /* main.m */,
			);
			name = "Supporting Files";
			sourceTree = "<group>";
		};
		9C7F67191DC2E5C7003BAB9F /* LocalPushTests */ = {
			isa = PBXGroup;
			children = (
				9C7F671A1DC2E5C7003BAB9F /* LocalPushTests.m */,
				9C7F671C1DC2E5C7003BAB9F /* Info.plist */,
			);
			path = LocalPushTests;
			sourceTree = "<group>";
		};
		9C7F67241DC2E5C7003BAB9F /* LocalPushUITests */ = {
			isa = PBXGroup;
			children = (
				9C7F67251DC2E5C7003BAB9F /* LocalPushUITests.m */,
				9C7F67271DC2E5C7003BAB9F /* Info.plist */,
			);
			path = LocalPushUITests;
			sourceTree = "<group>";
		};
/* End PBXGroup section */

/* Begin PBXNativeTarget section */
		9C7F66FC1DC2E5C7003BAB9F /* LocalPush */ = {
			isa = PBXNativeTarget;
			buildConfigurationList = 9C7F672A1DC2E5C7003BAB9F /* Build configuration list for PBXNativeTarget "LocalPush" */;
			buildPhases = (
				9C7F66F91DC2E5C7003BAB9F /* Sources */,
				9C7F66FA1DC2E5C7003BAB9F /* Frameworks */,
				9C7F66FB1DC2E5C7003BAB9F /* Resources */,
			);
			buildRules = (
			);
			dependencies = (
			);
			name = LocalPush;
			productName = LocalPush;
			productReference = 9C7F66FD1DC2E5C7003BAB9F /* LocalPush.app */;
			productType = "com.apple.product-type.application";
		};
		9C7F67151DC2E5C7003BAB9F /* LocalPushTests */ = {
			isa = PBXNativeTarget;
			buildConfigurationList = 9C7F672D1DC2E5C7003BAB9F /* Build configuration list for PBXNativeTarget "LocalPushTests" */;
			buildPhases = (
				9C7F67121DC2E5C7003BAB9F /* Sources */,
				9C7F67131DC2E5C7003BAB9F /* Frameworks */,
				9C7F67141DC2E5C7003BAB9F /* Resources */,
			);
			buildRules = (
			);
			dependencies = (
				9C7F67181DC2E5C7003BAB9F /* PBXTargetDependency */,
			);
			name = LocalPushTests;
			productName = LocalPushTests;
			productReference = 9C7F67161DC2E5C7003BAB9F /* LocalPushTests.xctest */;
			productType = "com.apple.product-type.bundle.unit-test";
		};
		9C7F67201DC2E5C7003BAB9F /* LocalPushUITests */ = {
			isa = PBXNativeTarget;
			buildConfigurationList = 9C7F67301DC2E5C7003BAB9F /* Build configuration list for PBXNativeTarget "LocalPushUITests" */;
			buildPhases = (
				9C7F671D1DC2E5C7003BAB9F /* Sources */,
				9C7F671E1DC2E5C7003BAB9F /* Frameworks */,
				9C7F671F1DC2E5C7003BAB9F /* Resources */,
			);
			buildRules = (
			);
			dependencies = (
				9C7F67231DC2E5C7003BAB9F /* PBXTargetDependency */,
			);
			name = LocalPushUITests;
			productName = LocalPushUITests;
			productReference = 9C7F67211DC2E5C7003BAB9F /* LocalPushUITests.xctest */;
			productType = "com.apple.product-type.bundle.ui-testing";
		};
/* End PBXNativeTarget section */

/* Begin PBXProject section */
		9C7F66F51DC2E5C7003BAB9F /* Project object */ = {
			isa = PBXProject;
			attributes = {
				LastUpgradeCheck = 0800;
				ORGANIZATIONNAME = "CR-IOS";
				TargetAttributes = {
					9C7F66FC1DC2E5C7003BAB9F = {
						CreatedOnToolsVersion = 8.0;
						DevelopmentTeam = K5FQVBUM5M;
						ProvisioningStyle = Automatic;
					};
					9C7F67151DC2E5C7003BAB9F = {
						CreatedOnToolsVersion = 8.0;
						DevelopmentTeam = K5FQVBUM5M;
						ProvisioningStyle = Automatic;
						TestTargetID = 9C7F66FC1DC2E5C7003BAB9F;
					};
					9C7F67201DC2E5C7003BAB9F = {
						CreatedOnToolsVersion = 8.0;
						DevelopmentTeam = K5FQVBUM5M;
						ProvisioningStyle = Automatic;
						TestTargetID = 9C7F66FC1DC2E5C7003BAB9F;
					};
				};
			};
			buildConfigurationList = 9C7F66F81DC2E5C7003BAB9F /* Build configuration list for PBXProject "LocalPush" */;
			compatibilityVersion = "Xcode 3.2";
			developmentRegion = English;
			hasScannedForEncodings = 0;
			knownRegions = (
				en,
				Base,
			);
			mainGroup = 9C7F66F41DC2E5C7003BAB9F;
			productRefGroup = 9C7F66FE1DC2E5C7003BAB9F /* Products */;
			projectDirPath = "";
			projectRoot = "";
			targets = (
				9C7F66FC1DC2E5C7003BAB9F /* LocalPush */,
				9C7F67151DC2E5C7003BAB9F /* LocalPushTests */,
				9C7F67201DC2E5C7003BAB9F /* LocalPushUITests */,
			);
		};
/* End PBXProject section */

/* Begin PBXResourcesBuildPhase section */
		9C7F66FB1DC2E5C7003BAB9F /* Resources */ = {
			isa = PBXResourcesBuildPhase;
			buildActionMask = 2147483647;
			files = (
				9C7F67101DC2E5C7003BAB9F /* LaunchScreen.storyboard in Resources */,
				9C7F670D1DC2E5C7003BAB9F /* Assets.xcassets in Resources */,
				9C7F670B1DC2E5C7003BAB9F /* Main.storyboard in Resources */,
			);
			runOnlyForDeploymentPostprocessing = 0;
		};
		9C7F67141DC2E5C7003BAB9F /* Resources */ = {
			isa = PBXResourcesBuildPhase;
			buildActionMask = 2147483647;
			files = (
			);
			runOnlyForDeploymentPostprocessing = 0;
		};
		9C7F671F1DC2E5C7003BAB9F /* Resources */ = {
			isa = PBXResourcesBuildPhase;
			buildActionMask = 2147483647;
			files = (
			);
			runOnlyForDeploymentPostprocessing = 0;
		};
/* End PBXResourcesBuildPhase section */

/* Begin PBXSourcesBuildPhase section */
		9C7F66F91DC2E5C7003BAB9F /* Sources */ = {
			isa = PBXSourcesBuildPhase;
			buildActionMask = 2147483647;
			files = (
				9C7F67081DC2E5C7003BAB9F /* ViewController.m in Sources */,
				9C7F67051DC2E5C7003BAB9F /* AppDelegate.m in Sources */,
				9C7F67021DC2E5C7003BAB9F /* main.m in Sources */,
			);
			runOnlyForDeploymentPostprocessing = 0;
		};
		9C7F67121DC2E5C7003BAB9F /* Sources */ = {
			isa = PBXSourcesBuildPhase;
			buildActionMask = 2147483647;
			files = (
				9C7F671B1DC2E5C7003BAB9F /* LocalPushTests.m in Sources */,
			);
			runOnlyForDeploymentPostprocessing = 0;
		};
		9C7F671D1DC2E5C7003BAB9F /* Sources */ = {
			isa = PBXSourcesBuildPhase;
			buildActionMask = 2147483647;
			files = (
				9C7F67261DC2E5C7003BAB9F /* LocalPushUITests.m in Sources */,
			);
			runOnlyForDeploymentPostprocessing = 0;
		};
/* End PBXSourcesBuildPhase section */

/* Begin PBXTargetDependency section */
		9C7F67181DC2E5C7003BAB9F /* PBXTargetDependency */ = {
			isa = PBXTargetDependency;
			target = 9C7F66FC1DC2E5C7003BAB9F /* LocalPush */;
			targetProxy = 9C7F67171DC2E5C7003BAB9F /* PBXContainerItemProxy */;
		};
		9C7F67231DC2E5C7003BAB9F /* PBXTargetDependency */ = {
			isa = PBXTargetDependency;
			target = 9C7F66FC1DC2E5C7003BAB9F /* LocalPush */;
			targetProxy = 9C7F67221DC2E5C7003BAB9F /* PBXContainerItemProxy */;
		};
/* End PBXTargetDependency section */

/* Begin PBXVariantGroup section */
		9C7F67091DC2E5C7003BAB9F /* Main.storyboard */ = {
			isa = PBXVariantGroup;
			children = (
				9C7F670A1DC2E5C7003BAB9F /* Base */,
			);
			name = Main.storyboard;
			sourceTree = "<group>";
		};
		9C7F670E1DC2E5C7003BAB9F /* LaunchScreen.storyboard */ = {
			isa = PBXVariantGroup;
			children = (
				9C7F670F1DC2E5C7003BAB9F /* Base */,
			);
			name = LaunchScreen.storyboard;
			sourceTree = "<group>";
		};
/* End PBXVariantGroup section */

/* Begin XCBuildConfiguration section */
		9C7F67281DC2E5C7003BAB9F /* Debug */ = {
			isa = XCBuildConfiguration;
			buildSettings = {
				ALWAYS_SEARCH_USER_PATHS = NO;
				CLANG_ANALYZER_NONNULL = YES;
				CLANG_CXX_LANGUAGE_STANDARD = "gnu++0x";
				CLANG_CXX_LIBRARY = "libc++";
				CLANG_ENABLE_MODULES = YES;
				CLANG_ENABLE_OBJC_ARC = YES;
				CLANG_WARN_BOOL_CONVERSION = YES;
				CLANG_WARN_CONSTANT_CONVERSION = YES;
				CLANG_WARN_DIRECT_OBJC_ISA_USAGE = YES_ERROR;
				CLANG_WARN_DOCUMENTATION_COMMENTS = YES;
				CLANG_WARN_EMPTY_BODY = YES;
				CLANG_WARN_ENUM_CONVERSION = YES;
				CLANG_WARN_INFINITE_RECURSION = YES;
				CLANG_WARN_INT_CONVERSION = YES;
				CLANG_WARN_OBJC_ROOT_CLASS = YES_ERROR;
				CLANG_WARN_SUSPICIOUS_MOVES = YES;
				CLANG_WARN_UNREACHABLE_CODE = YES;
				CLANG_WARN__DUPLICATE_METHOD_MATCH = YES;
				"CODE_SIGN_IDENTITY[sdk=iphoneos*]" = "iPhone Developer";
				COPY_PHASE_STRIP = NO;
				DEBUG_INFORMATION_FORMAT = dwarf;
				ENABLE_STRICT_OBJC_MSGSEND = YES;
				ENABLE_TESTABILITY = YES;
				GCC_C_LANGUAGE_STANDARD = gnu99;
				GCC_DYNAMIC_NO_PIC = NO;
				GCC_NO_COMMON_BLOCKS = YES;
				GCC_OPTIMIZATION_LEVEL = 0;
				GCC_PREPROCESSOR_DEFINITIONS = (
					"DEBUG=1",
					"$(inherited)",
				);
				GCC_WARN_64_TO_32_BIT_CONVERSION = YES;
				GCC_WARN_ABOUT_RETURN_TYPE = YES_ERROR;
				GCC_WARN_UNDECLARED_SELECTOR = YES;
				GCC_WARN_UNINITIALIZED_AUTOS = YES_AGGRESSIVE;
				GCC_WARN_UNUSED_FUNCTION = YES;
				GCC_WARN_UNUSED_VARIABLE = YES;
				IPHONEOS_DEPLOYMENT_TARGET = 10.0;
				MTL_ENABLE_DEBUG_INFO = YES;
				ONLY_ACTIVE_ARCH = YES;
				SDKROOT = iphoneos;
			};
			name = Debug;
		};
		9C7F67291DC2E5C7003BAB9F /* Release */ = {
			isa = XCBuildConfiguration;
			buildSettings = {
				ALWAYS_SEARCH_USER_PATHS = NO;
				CLANG_ANALYZER_NONNULL = YES;
				CLANG_CXX_LANGUAGE_STANDARD = "gnu++0x";
				CLANG_CXX_LIBRARY = "libc++";
				CLANG_ENABLE_MODULES = YES;
				CLANG_ENABLE_OBJC_ARC = YES;
				CLANG_WARN_BOOL_CONVERSION = YES;
				CLANG_WARN_CONSTANT_CONVERSION = YES;
				CLANG_WARN_DIRECT_OBJC_ISA_USAGE = YES_ERROR;
				CLANG_WARN_DOCUMENTATION_COMMENTS = YES;
				CLANG_WARN_EMPTY_BODY = YES;
				CLANG_WARN_ENUM_CONVERSION = YES;
				CLANG_WARN_INFINITE_RECURSION = YES;
				CLANG_WARN_INT_CONVERSION = YES;
				CLANG_WARN_OBJC_ROOT_CLASS = YES_ERROR;
				CLANG_WARN_SUSPICIOUS_MOVES = YES;
				CLANG_WARN_UNREACHABLE_CODE = YES;
				CLANG_WARN__DUPLICATE_METHOD_MATCH = YES;
				"CODE_SIGN_IDENTITY[sdk=iphoneos*]" = "iPhone Developer";
				COPY_PHASE_STRIP = NO;
				DEBUG_INFORMATION_FORMAT = "dwarf-with-dsym";
				ENABLE_NS_ASSERTIONS = NO;
				ENABLE_STRICT_OBJC_MSGSEND = YES;
				GCC_C_LANGUAGE_STANDARD = gnu99;
				GCC_NO_COMMON_BLOCKS = YES;
				GCC_WARN_64_TO_32_BIT_CONVERSION = YES;
				GCC_WARN_ABOUT_RETURN_TYPE = YES_ERROR;
				GCC_WARN_UNDECLARED_SELECTOR = YES;
				GCC_WARN_UNINITIALIZED_AUTOS = YES_AGGRESSIVE;
				GCC_WARN_UNUSED_FUNCTION = YES;
				GCC_WARN_UNUSED_VARIABLE = YES;
				IPHONEOS_DEPLOYMENT_TARGET = 10.0;
				MTL_ENABLE_DEBUG_INFO = NO;
				SDKROOT = iphoneos;
				VALIDATE_PRODUCT = YES;
			};
			name = Release;
		};
		9C7F672B1DC2E5C7003BAB9F /* Debug */ = {
			isa = XCBuildConfiguration;
			buildSettings = {
				ASSETCATALOG_COMPILER_APPICON_NAME = AppIcon;
				DEVELOPMENT_TEAM = K5FQVBUM5M;
				INFOPLIST_FILE = LocalPush/Info.plist;
				IPHONEOS_DEPLOYMENT_TARGET = 8.0;
				LD_RUNPATH_SEARCH_PATHS = "$(inherited) @executable_path/Frameworks";
				PRODUCT_BUNDLE_IDENTIFIER = crong.LocalPush;
				PRODUCT_NAME = "$(TARGET_NAME)";
			};
			name = Debug;
		};
		9C7F672C1DC2E5C7003BAB9F /* Release */ = {
			isa = XCBuildConfiguration;
			buildSettings = {
				ASSETCATALOG_COMPILER_APPICON_NAME = AppIcon;
				DEVELOPMENT_TEAM = K5FQVBUM5M;
				INFOPLIST_FILE = LocalPush/Info.plist;
				IPHONEOS_DEPLOYMENT_TARGET = 8.0;
				LD_RUNPATH_SEARCH_PATHS = "$(inherited) @executable_path/Frameworks";
				PRODUCT_BUNDLE_IDENTIFIER = crong.LocalPush;
				PRODUCT_NAME = "$(TARGET_NAME)";
			};
			name = Release;
		};
		9C7F672E1DC2E5C7003BAB9F /* Debug */ = {
			isa = XCBuildConfiguration;
			buildSettings = {
				BUNDLE_LOADER = "$(TEST_HOST)";
				DEVELOPMENT_TEAM = K5FQVBUM5M;
				INFOPLIST_FILE = LocalPushTests/Info.plist;
				LD_RUNPATH_SEARCH_PATHS = "$(inherited) @executable_path/Frameworks @loader_path/Frameworks";
				PRODUCT_BUNDLE_IDENTIFIER = crong.LocalPushTests;
				PRODUCT_NAME = "$(TARGET_NAME)";
				TEST_HOST = "$(BUILT_PRODUCTS_DIR)/LocalPush.app/LocalPush";
			};
			name = Debug;
		};
		9C7F672F1DC2E5C7003BAB9F /* Release */ = {
			isa = XCBuildConfiguration;
			buildSettings = {
				BUNDLE_LOADER = "$(TEST_HOST)";
				DEVELOPMENT_TEAM = K5FQVBUM5M;
				INFOPLIST_FILE = LocalPushTests/Info.plist;
				LD_RUNPATH_SEARCH_PATHS = "$(inherited) @executable_path/Frameworks @loader_path/Frameworks";
				PRODUCT_BUNDLE_IDENTIFIER = crong.LocalPushTests;
				PRODUCT_NAME = "$(TARGET_NAME)";
				TEST_HOST = "$(BUILT_PRODUCTS_DIR)/LocalPush.app/LocalPush";
			};
			name = Release;
		};
		9C7F67311DC2E5C7003BAB9F /* Debug */ = {
			isa = XCBuildConfiguration;
			buildSettings = {
				DEVELOPMENT_TEAM = K5FQVBUM5M;
				INFOPLIST_FILE = LocalPushUITests/Info.plist;
				LD_RUNPATH_SEARCH_PATHS = "$(inherited) @executable_path/Frameworks @loader_path/Frameworks";
				PRODUCT_BUNDLE_IDENTIFIER = crong.LocalPushUITests;
				PRODUCT_NAME = "$(TARGET_NAME)";
				TEST_TARGET_NAME = LocalPush;
			};
			name = Debug;
		};
		9C7F67321DC2E5C7003BAB9F /* Release */ = {
			isa = XCBuildConfiguration;
			buildSettings = {
				DEVELOPMENT_TEAM = K5FQVBUM5M;
				INFOPLIST_FILE = LocalPushUITests/Info.plist;
				LD_RUNPATH_SEARCH_PATHS = "$(inherited) @executable_path/Frameworks @loader_path/Frameworks";
				PRODUCT_BUNDLE_IDENTIFIER = crong.LocalPushUITests;
				PRODUCT_NAME = "$(TARGET_NAME)";
				TEST_TARGET_NAME = LocalPush;
			};
			name = Release;
		};
/* End XCBuildConfiguration section */

/* Begin XCConfigurationList section */
		9C7F66F81DC2E5C7003BAB9F /* Build configuration list for PBXProject "LocalPush" */ = {
			isa = XCConfigurationList;
			buildConfigurations = (
				9C7F67281DC2E5C7003BAB9F /* Debug */,
				9C7F67291DC2E5C7003BAB9F /* Release */,
			);
			defaultConfigurationIsVisible = 0;
			defaultConfigurationName = Release;
		};
		9C7F672A1DC2E5C7003BAB9F /* Build configuration list for PBXNativeTarget "LocalPush" */ = {
			isa = XCConfigurationList;
			buildConfigurations = (
				9C7F672B1DC2E5C7003BAB9F /* Debug */,
				9C7F672C1DC2E5C7003BAB9F /* Release */,
			);
			defaultConfigurationIsVisible = 0;
		};
		9C7F672D1DC2E5C7003BAB9F /* Build configuration list for PBXNativeTarget "LocalPushTests" */ = {
			isa = XCConfigurationList;
			buildConfigurations = (
				9C7F672E1DC2E5C7003BAB9F /* Debug */,
				9C7F672F1DC2E5C7003BAB9F /* Release */,
			);
			defaultConfigurationIsVisible = 0;
		};
		9C7F67301DC2E5C7003BAB9F /* Build configuration list for PBXNativeTarget "LocalPushUITests" */ = {
			isa = XCConfigurationList;
			buildConfigurations = (
				9C7F67311DC2E5C7003BAB9F /* Debug */,
				9C7F67321DC2E5C7003BAB9F /* Release */,
			);
			defaultConfigurationIsVisible = 0;
		};
/* End XCConfigurationList section */
	};
	rootObject = 9C7F66F51DC2E5C7003BAB9F /* Project object */;
}
